
Microsoft Visual Studio Solution File, Format Version 12.00
# Visual Studio Version 16
VisualStudioVersion = 16.0.30711.63
MinimumVisualStudioVersion = 10.0.40219.1
Project("{9A19103F-16F7-4668-BE54-9A1E7A4F7556}") = "NLayerProject.API", "NlayerProjectAPI\NLayerProject.API.csproj", "{4BF3F4FF-7597-4D9E-A547-38E1184EF7CB}"
EndProject
Project("{9A19103F-16F7-4668-BE54-9A1E7A4F7556}") = "NLayerProject.Core", "NLayerProject.Core\NLayerProject.Core.csproj", "{5B644373-3EA4-4EFF-87E5-4604B7029226}"
EndProject
Project("{9A19103F-16F7-4668-BE54-9A1E7A4F7556}") = "NLayerProject.Data", "NLayerProject.Data\NLayerProject.Data.csproj", "{65447780-5134-426C-9212-0C19C185753F}"
EndProject
Project("{9A19103F-16F7-4668-BE54-9A1E7A4F7556}") = "NLayerProject.Service", "NLayerProject.Service\NLayerProject.Service.csproj", "{5081084C-22E3-4568-AD28-194DCA5C3318}"
EndProject
Global
	GlobalSection(SolutionConfigurationPlatforms) = preSolution
		Debug|Any CPU = Debug|Any CPU
		Release|Any CPU = Release|Any CPU
	EndGlobalSection
	GlobalSection(ProjectConfigurationPlatforms) = postSolution
		{4BF3F4FF-7597-4D9E-A547-38E1184EF7CB}.Debug|Any CPU.ActiveCfg = Debug|Any CPU
		{4BF3F4FF-7597-4D9E-A547-38E1184EF7CB}.Debug|Any CPU.Build.0 = Debug|Any CPU
		{4BF3F4FF-7597-4D9E-A547-38E1184EF7CB}.Release|Any CPU.ActiveCfg = Release|Any CPU
		{4BF3F4FF-7597-4D9E-A547-38E1184EF7CB}.Release|Any CPU.Build.0 = Release|Any CPU
		{5B644373-3EA4-4EFF-87E5-4604B7029226}.Debug|Any CPU.ActiveCfg = Debug|Any CPU
		{5B644373-3EA4-4EFF-87E5-4604B7029226}.Debug|Any CPU.Build.0 = Debug|Any CPU
		{5B644373-3EA4-4EFF-87E5-4604B7029226}.Release|Any CPU.ActiveCfg = Release|Any CPU
		{5B644373-3EA4-4EFF-87E5-4604B7029226}.Release|Any CPU.Build.0 = Release|Any CPU
		{65447780-5134-426C-9212-0C19C185753F}.Debug|Any CPU.ActiveCfg = Debug|Any CPU
		{65447780-5134-426C-9212-0C19C185753F}.Debug|Any CPU.Build.0 = Debug|Any CPU
		{65447780-5134-426C-9212-0C19C185753F}.Release|Any CPU.ActiveCfg = Release|Any CPU
		{65447780-5134-426C-9212-0C19C185753F}.Release|Any CPU.Build.0 = Release|Any CPU
		{5081084C-22E3-4568-AD28-194DCA5C3318}.Debug|Any CPU.ActiveCfg = Debug|Any CPU
		{5081084C-22E3-4568-AD28-194DCA5C3318}.Debug|Any CPU.Build.0 = Debug|Any CPU
		{5081084C-22E3-4568-AD28-194DCA5C3318}.Release|Any CPU.ActiveCfg = Release|Any CPU
		{5081084C-22E3-4568-AD28-194DCA5C3318}.Release|Any CPU.Build.0 = Release|Any CPU
	EndGlobalSection
	GlobalSection(SolutionProperties) = preSolution
		HideSolutionNode = FALSE
	EndGlobalSection
	GlobalSection(ExtensibilityGlobals) = postSolution
		SolutionGuid = {BF0461D5-1B08-48A6-ACDD-63157DA60E16}
	EndGlobalSection
EndGlobal
